
Microsoft Visual Studio Solution File, Format Version 11.00
# Visual Studio 2010
Project("{FAE04EC0-301F-11D3-BF4B-00C04F79EFBC}") = "Wj.Math", "Wj.Math\Wj.Math.csproj", "{CA6E18F3-EAD5-4FF9-B1E7-CC1BAB6ADAD8}"
EndProject
Project("{FAE04EC0-301F-11D3-BF4B-00C04F79EFBC}") = "Test", "Test\Test.csproj", "{751B42D3-E53E-4D21-9774-2C73DE66B4F1}"
EndProject
Global
	GlobalSection(SolutionConfigurationPlatforms) = preSolution
		Debug|Any CPU = Debug|Any CPU
		Release|Any CPU = Release|Any CPU
	EndGlobalSection
	GlobalSection(ProjectConfigurationPlatforms) = postSolution
		{CA6E18F3-EAD5-4FF9-B1E7-CC1BAB6ADAD8}.Debug|Any CPU.ActiveCfg = Debug|Any CPU
		{CA6E18F3-EAD5-4FF9-B1E7-CC1BAB6ADAD8}.Debug|Any CPU.Build.0 = Debug|Any CPU
		{CA6E18F3-EAD5-4FF9-B1E7-CC1BAB6ADAD8}.Release|Any CPU.ActiveCfg = Release|Any CPU
		{CA6E18F3-EAD5-4FF9-B1E7-CC1BAB6ADAD8}.Release|Any CPU.Build.0 = Release|Any CPU
		{751B42D3-E53E-4D21-9774-2C73DE66B4F1}.Debug|Any CPU.ActiveCfg = Debug|Any CPU
		{751B42D3-E53E-4D21-9774-2C73DE66B4F1}.Debug|Any CPU.Build.0 = Debug|Any CPU
		{751B42D3-E53E-4D21-9774-2C73DE66B4F1}.Release|Any CPU.ActiveCfg = Release|Any CPU
		{751B42D3-E53E-4D21-9774-2C73DE66B4F1}.Release|Any CPU.Build.0 = Release|Any CPU
	EndGlobalSection
	GlobalSection(SolutionProperties) = preSolution
		HideSolutionNode = FALSE
	EndGlobalSection
EndGlobal
